{
  "name": "103-early-hint",
  "version": "1.0.0",
  "lockfileVersion": 3,
  "requires": true,
  "packages": {
    "": {
      "name": "103-early-hint",
      "version": "1.0.0",
      "license": "ISC",
      "dependencies": {
        "http2": "^3.3.7"
      }
    },
    "node_modules/http2": {
      "version": "3.3.7",
      "resolved": "https://registry.npmjs.org/http2/-/http2-3.3.7.tgz",
      "integrity": "sha512-puSi8M8WNlFJm9Pk4c/Mbz9Gwparuj3gO9/RRO5zv6piQ0FY+9Qywp0PdWshYgsMJSalixFY7eC6oPu0zRxLAQ==",
      "deprecated": "Use the built-in module in node 9.0.0 or newer, instead",
      "license": "MIT",
      "engines": {
        "node": ">=0.12.0 <9.0.0"
      }
    }
  }
}
